
Microsoft Visual Studio Solution File, Format Version 12.00
# Visual Studio Version 16
VisualStudioVersion = 16.0.29512.175
MinimumVisualStudioVersion = 10.0.40219.1
Project("{FAE04EC0-301F-11D3-BF4B-00C04F79EFBC}") = "LoboWorkout", "LoboWorkout\LoboWorkout.csproj", "{5E00234B-E08A-4C3D-8318-AF145632F6BF}"
EndProject
Project("{FAE04EC0-301F-11D3-BF4B-00C04F79EFBC}") = "LoboWorkout.FrontEnd", "LoboWorkout.FrontEnd\LoboWorkout.FrontEnd.csproj", "{03BA168B-9222-444E-B223-EB418DA2A543}"
EndProject
Project("{FAE04EC0-301F-11D3-BF4B-00C04F79EFBC}") = "LoboWorkout.Shared", "LoboWorkout.Shared\LoboWorkout.Shared.csproj", "{9570243C-8D2D-4B8D-B29A-002322C93CBD}"
EndProject
Global
	GlobalSection(SolutionConfigurationPlatforms) = preSolution
		Debug|Any CPU = Debug|Any CPU
		Release|Any CPU = Release|Any CPU
	EndGlobalSection
	GlobalSection(ProjectConfigurationPlatforms) = postSolution
		{5E00234B-E08A-4C3D-8318-AF145632F6BF}.Debug|Any CPU.ActiveCfg = Debug|Any CPU
		{5E00234B-E08A-4C3D-8318-AF145632F6BF}.Debug|Any CPU.Build.0 = Debug|Any CPU
		{5E00234B-E08A-4C3D-8318-AF145632F6BF}.Release|Any CPU.ActiveCfg = Release|Any CPU
		{5E00234B-E08A-4C3D-8318-AF145632F6BF}.Release|Any CPU.Build.0 = Release|Any CPU
		{03BA168B-9222-444E-B223-EB418DA2A543}.Debug|Any CPU.ActiveCfg = Debug|Any CPU
		{03BA168B-9222-444E-B223-EB418DA2A543}.Debug|Any CPU.Build.0 = Debug|Any CPU
		{03BA168B-9222-444E-B223-EB418DA2A543}.Release|Any CPU.ActiveCfg = Release|Any CPU
		{03BA168B-9222-444E-B223-EB418DA2A543}.Release|Any CPU.Build.0 = Release|Any CPU
		{9570243C-8D2D-4B8D-B29A-002322C93CBD}.Debug|Any CPU.ActiveCfg = Debug|Any CPU
		{9570243C-8D2D-4B8D-B29A-002322C93CBD}.Debug|Any CPU.Build.0 = Debug|Any CPU
		{9570243C-8D2D-4B8D-B29A-002322C93CBD}.Release|Any CPU.ActiveCfg = Release|Any CPU
		{9570243C-8D2D-4B8D-B29A-002322C93CBD}.Release|Any CPU.Build.0 = Release|Any CPU
	EndGlobalSection
	GlobalSection(SolutionProperties) = preSolution
		HideSolutionNode = FALSE
	EndGlobalSection
	GlobalSection(ExtensibilityGlobals) = postSolution
		SolutionGuid = {4E021FCD-36E1-4521-9B48-1757494E1774}
	EndGlobalSection
EndGlobal
